// !$*UTF8*$!
{
	archiveVersion = 1;
	classes = {
	};
	objectVersion = 46;
	objects = {

/* Begin PBXBuildFile section */
		21348BF31EE868EE00DE548F /* CalculatorBrain.swift in Sources */ = {isa = PBXBuildFile; fileRef = 21348BF21EE868EE00DE548F /* CalculatorBrain.swift */; };
		21FB207F1EE74ADB00DAED70 /* AppDelegate.swift in Sources */ = {isa = PBXBuildFile; fileRef = 21FB207E1EE74ADB00DAED70 /* AppDelegate.swift */; };
		21FB20811EE74ADB00DAED70 /* ViewController.swift in Sources */ = {isa = PBXBuildFile; fileRef = 21FB20801EE74ADB00DAED70 /* ViewController.swift */; };
		21FB20841EE74ADB00DAED70 /* Main.storyboard in Resources */ = {isa = PBXBuildFile; fileRef = 21FB20821EE74ADB00DAED70 /* Main.storyboard */; };
		21FB20861EE74ADB00DAED70 /* Assets.xcassets in Resources */ = {isa = PBXBuildFile; fileRef = 21FB20851EE74ADB00DAED70 /* Assets.xcassets */; };
		21FB20891EE74ADB00DAED70 /* LaunchScreen.storyboard in Resources */ = {isa = PBXBuildFile; fileRef = 21FB20871EE74ADB00DAED70 /* LaunchScreen.storyboard */; };
/* End PBXBuildFile section */

/* Begin PBXFileReference section */
		21348BF21EE868EE00DE548F /* CalculatorBrain.swift */ = {isa = PBXFileReference; fileEncoding = 4; lastKnownFileType = sourcecode.swift; path = CalculatorBrain.swift; sourceTree = "<group>"; };
		21FB207B1EE74ADB00DAED70 /* Calculator.app */ = {isa = PBXFileReference; explicitFileType = wrapper.application; includeInIndex = 0; path = Calculator.app; sourceTree = BUILT_PRODUCTS_DIR; };
		21FB207E1EE74ADB00DAED70 /* AppDelegate.swift */ = {isa = PBXFileReference; lastKnownFileType = sourcecode.swift; path = AppDelegate.swift; sourceTree = "<group>"; };
		21FB20801EE74ADB00DAED70 /* ViewController.swift */ = {isa = PBXFileReference; lastKnownFileType = sourcecode.swift; path = ViewController.swift; sourceTree = "<group>"; };
		21FB20831EE74ADB00DAED70 /* Base */ = {isa = PBXFileReference; lastKnownFileType = file.storyboard; name = Base; path = Base.lproj/Main.storyboard; sourceTree = "<group>"; };
		21FB20851EE74ADB00DAED70 /* Assets.xcassets */ = {isa = PBXFileReference; lastKnownFileType = folder.assetcatalog; path = Assets.xcassets; sourceTree = "<group>"; };
		21FB20881EE74ADB00DAED70 /* Base */ = {isa = PBXFileReference; lastKnownFileType = file.storyboard; name = Base; path = Base.lproj/LaunchScreen.storyboard; sourceTree = "<group>"; };
		21FB208A1EE74ADB00DAED70 /* Info.plist */ = {isa = PBXFileReference; lastKnownFileType = text.plist.xml; path = Info.plist; sourceTree = "<group>"; };
/* End PBXFileReference section */

/* Begin PBXFrameworksBuildPhase section */
		21FB20781EE74ADB00DAED70 /* Frameworks */ = {
			isa = PBXFrameworksBuildPhase;
			buildActionMask = 2147483647;
			files = (
			);
			runOnlyForDeploymentPostprocessing = 0;
		};
/* End PBXFrameworksBuildPhase section */

/* Begin PBXGroup section */
		21FB20721EE74ADB00DAED70 = {
			isa = PBXGroup;
			children = (
				21FB207D1EE74ADB00DAED70 /* Calculator */,
				21FB207C1EE74ADB00DAED70 /* Products */,
			);
			sourceTree = "<group>";
		};
		21FB207C1EE74ADB00DAED70 /* Products */ = {
			isa = PBXGroup;
			children = (
				21FB207B1EE74ADB00DAED70 /* Calculator.app */,
			);
			name = Products;
			sourceTree = "<group>";
		};
		21FB207D1EE74ADB00DAED70 /* Calculator */ = {
			isa = PBXGroup;
			children = (
				21FB20901EE7510A00DAED70 /* supportingFiles */,
				21FB20801EE74ADB00DAED70 /* ViewController.swift */,
				21348BF21EE868EE00DE548F /* CalculatorBrain.swift */,
				21FB20821EE74ADB00DAED70 /* Main.storyboard */,
			);
			path = Calculator;
			sourceTree = "<group>";
		};
		21FB20901EE7510A00DAED70 /* supportingFiles */ = {
			isa = PBXGroup;
			children = (
				21FB207E1EE74ADB00DAED70 /* AppDelegate.swift */,
				21FB20851EE74ADB00DAED70 /* Assets.xcassets */,
				21FB20871EE74ADB00DAED70 /* LaunchScreen.storyboard */,
				21FB208A1EE74ADB00DAED70 /* Info.plist */,
			);
			name = supportingFiles;
			sourceTree = "<group>";
		};
/* End PBXGroup section */

/* Begin PBXNativeTarget section */
		21FB207A1EE74ADB00DAED70 /* Calculator */ = {
			isa = PBXNativeTarget;
			buildConfigurationList = 21FB208D1EE74ADB00DAED70 /* Build configuration list for PBXNativeTarget "Calculator" */;
			buildPhases = (
				21FB20771EE74ADB00DAED70 /* Sources */,
				21FB20781EE74ADB00DAED70 /* Frameworks */,
				21FB20791EE74ADB00DAED70 /* Resources */,
			);
			buildRules = (
			);
			dependencies = (
			);
			name = Calculator;
			productName = Calculator;
			productReference = 21FB207B1EE74ADB00DAED70 /* Calculator.app */;
			productType = "com.apple.product-type.application";
		};
/* End PBXNativeTarget section */

/* Begin PBXProject section */
		21FB20731EE74ADB00DAED70 /* Project object */ = {
			isa = PBXProject;
			attributes = {
				LastSwiftUpdateCheck = 0830;
				LastUpgradeCheck = 0830;
				ORGANIZATIONNAME = ThoughtWorks;
				TargetAttributes = {
					21FB207A1EE74ADB00DAED70 = {
						CreatedOnToolsVersion = 8.3.3;
						DevelopmentTeam = E9Z97MBEGC;
						ProvisioningStyle = Automatic;
					};
				};
			};
			buildConfigurationList = 21FB20761EE74ADB00DAED70 /* Build configuration list for PBXProject "Calculator" */;
			compatibilityVersion = "Xcode 3.2";
			developmentRegion = English;
			hasScannedForEncodings = 0;
			knownRegions = (
				en,
				Base,
			);
			mainGroup = 21FB20721EE74ADB00DAED70;
			productRefGroup = 21FB207C1EE74ADB00DAED70 /* Products */;
			projectDirPath = "";
			projectRoot = "";
			targets = (
				21FB207A1EE74ADB00DAED70 /* Calculator */,
			);
		};
/* End PBXProject section */

/* Begin PBXResourcesBuildPhase section */
		21FB20791EE74ADB00DAED70 /* Resources */ = {
			isa = PBXResourcesBuildPhase;
			buildActionMask = 2147483647;
			files = (
				21FB20891EE74ADB00DAED70 /* LaunchScreen.storyboard in Resources */,
				21FB20861EE74ADB00DAED70 /* Assets.xcassets in Resources */,
				21FB20841EE74ADB00DAED70 /* Main.storyboard in Resources */,
			);
			runOnlyForDeploymentPostprocessing = 0;
		};
/* End PBXResourcesBuildPhase section */

/* Begin PBXSourcesBuildPhase section */
		21FB20771EE74ADB00DAED70 /* Sources */ = {
			isa = PBXSourcesBuildPhase;
			buildActionMask = 2147483647;
			files = (
				21348BF31EE868EE00DE548F /* CalculatorBrain.swift in Sources */,
				21FB20811EE74ADB00DAED70 /* ViewController.swift in Sources */,
				21FB207F1EE74ADB00DAED70 /* AppDelegate.swift in Sources */,
			);
			runOnlyForDeploymentPostprocessing = 0;
		};
/* End PBXSourcesBuildPhase section */

/* Begin PBXVariantGroup section */
		21FB20821EE74ADB00DAED70 /* Main.storyboard */ = {
			isa = PBXVariantGroup;
			children = (
				21FB20831EE74ADB00DAED70 /* Base */,
			);
			name = Main.storyboard;
			sourceTree = "<group>";
		};
		21FB20871EE74ADB00DAED70 /* LaunchScreen.storyboard */ = {
			isa = PBXVariantGroup;
			children = (
				21FB20881EE74ADB00DAED70 /* Base */,
			);
			name = LaunchScreen.storyboard;
			sourceTree = "<group>";
		};
/* End PBXVariantGroup section */

/* Begin XCBuildConfiguration section */
		21FB208B1EE74ADB00DAED70 /* Debug */ = {
			isa = XCBuildConfiguration;
			buildSettings = {
				ALWAYS_SEARCH_USER_PATHS = NO;
				CLANG_ANALYZER_NONNULL = YES;
				CLANG_ANALYZER_NUMBER_OBJECT_CONVERSION = YES_AGGRESSIVE;
				CLANG_CXX_LANGUAGE_STANDARD = "gnu++0x";
				CLANG_CXX_LIBRARY = "libc++";
				CLANG_ENABLE_MODULES = YES;
				CLANG_ENABLE_OBJC_ARC = YES;
				CLANG_WARN_BOOL_CONVERSION = YES;
				CLANG_WARN_CONSTANT_CONVERSION = YES;
				CLANG_WARN_DIRECT_OBJC_ISA_USAGE = YES_ERROR;
				CLANG_WARN_DOCUMENTATION_COMMENTS = YES;
				CLANG_WARN_EMPTY_BODY = YES;
				CLANG_WARN_ENUM_CONVERSION = YES;
				CLANG_WARN_INFINITE_RECURSION = YES;
				CLANG_WARN_INT_CONVERSION = YES;
				CLANG_WARN_OBJC_ROOT_CLASS = YES_ERROR;
				CLANG_WARN_SUSPICIOUS_MOVE = YES;
				CLANG_WARN_UNREACHABLE_CODE = YES;
				CLANG_WARN__DUPLICATE_METHOD_MATCH = YES;
				"CODE_SIGN_IDENTITY[sdk=iphoneos*]" = "iPhone Developer";
				COPY_PHASE_STRIP = NO;
				DEBUG_INFORMATION_FORMAT = dwarf;
				ENABLE_STRICT_OBJC_MSGSEND = YES;
				ENABLE_TESTABILITY = YES;
				GCC_C_LANGUAGE_STANDARD = gnu99;
				GCC_DYNAMIC_NO_PIC = NO;
				GCC_NO_COMMON_BLOCKS = YES;
				GCC_OPTIMIZATION_LEVEL = 0;
				GCC_PREPROCESSOR_DEFINITIONS = (
					"DEBUG=1",
					"$(inherited)",
				);
				GCC_WARN_64_TO_32_BIT_CONVERSION = YES;
				GCC_WARN_ABOUT_RETURN_TYPE = YES_ERROR;
				GCC_WARN_UNDECLARED_SELECTOR = YES;
				GCC_WARN_UNINITIALIZED_AUTOS = YES_AGGRESSIVE;
				GCC_WARN_UNUSED_FUNCTION = YES;
				GCC_WARN_UNUSED_VARIABLE = YES;
				IPHONEOS_DEPLOYMENT_TARGET = 10.3;
				MTL_ENABLE_DEBUG_INFO = YES;
				ONLY_ACTIVE_ARCH = YES;
				SDKROOT = iphoneos;
				SWIFT_ACTIVE_COMPILATION_CONDITIONS = DEBUG;
				SWIFT_OPTIMIZATION_LEVEL = "-Onone";
				TARGETED_DEVICE_FAMILY = "1,2";
			};
			name = Debug;
		};
		21FB208C1EE74ADB00DAED70 /* Release */ = {
			isa = XCBuildConfiguration;
			buildSettings = {
				ALWAYS_SEARCH_USER_PATHS = NO;
				CLANG_ANALYZER_NONNULL = YES;
				CLANG_ANALYZER_NUMBER_OBJECT_CONVERSION = YES_AGGRESSIVE;
				CLANG_CXX_LANGUAGE_STANDARD = "gnu++0x";
				CLANG_CXX_LIBRARY = "libc++";
				CLANG_ENABLE_MODULES = YES;
				CLANG_ENABLE_OBJC_ARC = YES;
				CLANG_WARN_BOOL_CONVERSION = YES;
				CLANG_WARN_CONSTANT_CONVERSION = YES;
				CLANG_WARN_DIRECT_OBJC_ISA_USAGE = YES_ERROR;
				CLANG_WARN_DOCUMENTATION_COMMENTS = YES;
				CLANG_WARN_EMPTY_BODY = YES;
				CLANG_WARN_ENUM_CONVERSION = YES;
				CLANG_WARN_INFINITE_RECURSION = YES;
				CLANG_WARN_INT_CONVERSION = YES;
				CLANG_WARN_OBJC_ROOT_CLASS = YES_ERROR;
				CLANG_WARN_SUSPICIOUS_MOVE = YES;
				CLANG_WARN_UNREACHABLE_CODE = YES;
				CLANG_WARN__DUPLICATE_METHOD_MATCH = YES;
				"CODE_SIGN_IDENTITY[sdk=iphoneos*]" = "iPhone Developer";
				COPY_PHASE_STRIP = NO;
				DEBUG_INFORMATION_FORMAT = "dwarf-with-dsym";
				ENABLE_NS_ASSERTIONS = NO;
				ENABLE_STRICT_OBJC_MSGSEND = YES;
				GCC_C_LANGUAGE_STANDARD = gnu99;
				GCC_NO_COMMON_BLOCKS = YES;
				GCC_WARN_64_TO_32_BIT_CONVERSION = YES;
				GCC_WARN_ABOUT_RETURN_TYPE = YES_ERROR;
				GCC_WARN_UNDECLARED_SELECTOR = YES;
				GCC_WARN_UNINITIALIZED_AUTOS = YES_AGGRESSIVE;
				GCC_WARN_UNUSED_FUNCTION = YES;
				GCC_WARN_UNUSED_VARIABLE = YES;
				IPHONEOS_DEPLOYMENT_TARGET = 10.3;
				MTL_ENABLE_DEBUG_INFO = NO;
				SDKROOT = iphoneos;
				SWIFT_OPTIMIZATION_LEVEL = "-Owholemodule";
				TARGETED_DEVICE_FAMILY = "1,2";
				VALIDATE_PRODUCT = YES;
			};
			name = Release;
		};
		21FB208E1EE74ADB00DAED70 /* Debug */ = {
			isa = XCBuildConfiguration;
			buildSettings = {
				ASSETCATALOG_COMPILER_APPICON_NAME = AppIcon;
				DEVELOPMENT_TEAM = E9Z97MBEGC;
				INFOPLIST_FILE = Calculator/Info.plist;
				LD_RUNPATH_SEARCH_PATHS = "$(inherited) @executable_path/Frameworks";
				PRODUCT_BUNDLE_IDENTIFIER = org.thoghtworks.qwillduvall.Calculator;
				PRODUCT_NAME = "$(TARGET_NAME)";
				SWIFT_VERSION = 3.0;
			};
			name = Debug;
		};
		21FB208F1EE74ADB00DAED70 /* Release */ = {
			isa = XCBuildConfiguration;
			buildSettings = {
				ASSETCATALOG_COMPILER_APPICON_NAME = AppIcon;
				DEVELOPMENT_TEAM = E9Z97MBEGC;
				INFOPLIST_FILE = Calculator/Info.plist;
				LD_RUNPATH_SEARCH_PATHS = "$(inherited) @executable_path/Frameworks";
				PRODUCT_BUNDLE_IDENTIFIER = org.thoghtworks.qwillduvall.Calculator;
				PRODUCT_NAME = "$(TARGET_NAME)";
				SWIFT_VERSION = 3.0;
			};
			name = Release;
		};
/* End XCBuildConfiguration section */

/* Begin XCConfigurationList section */
		21FB20761EE74ADB00DAED70 /* Build configuration list for PBXProject "Calculator" */ = {
			isa = XCConfigurationList;
			buildConfigurations = (
				21FB208B1EE74ADB00DAED70 /* Debug */,
				21FB208C1EE74ADB00DAED70 /* Release */,
			);
			defaultConfigurationIsVisible = 0;
			defaultConfigurationName = Release;
		};
		21FB208D1EE74ADB00DAED70 /* Build configuration list for PBXNativeTarget "Calculator" */ = {
			isa = XCConfigurationList;
			buildConfigurations = (
				21FB208E1EE74ADB00DAED70 /* Debug */,
				21FB208F1EE74ADB00DAED70 /* Release */,
			);
			defaultConfigurationIsVisible = 0;
			defaultConfigurationName = Release;
		};
/* End XCConfigurationList section */
	};
	rootObject = 21FB20731EE74ADB00DAED70 /* Project object */;
}
